
Microsoft Visual Studio Solution File, Format Version 12.00
# Visual Studio 15
VisualStudioVersion = 15.0.27703.2035
MinimumVisualStudioVersion = 10.0.40219.1
Project("{9A19103F-16F7-4668-BE54-9A1E7A4F7556}") = "school-mobiik", "school-mobiik\school-mobiik.csproj", "{3540901D-A4E8-4346-8861-5341EB4016B9}"
EndProject
Project("{2150E333-8FDC-42A3-9474-1A3956D46DE8}") = "Api", "Api", "{54BF42F1-A159-476B-8E07-99058AC73B12}"
EndProject
Project("{9A19103F-16F7-4668-BE54-9A1E7A4F7556}") = "SchoolMobiik.BussinessLayer", "SchoolMobiik.BussinessLayer\SchoolMobiik.BussinessLayer.csproj", "{053E7003-B351-4B37-B7C7-6A660D115158}"
EndProject
Project("{9A19103F-16F7-4668-BE54-9A1E7A4F7556}") = "SchoolMobiik.DataAccess", "SchoolMobiik.DataAccess\SchoolMobiik.DataAccess.csproj", "{7470598F-DD4E-4037-A055-194E5B0FE33D}"
EndProject
Project("{9A19103F-16F7-4668-BE54-9A1E7A4F7556}") = "SchoolMobiik.DTOs", "SchoolMobiik.DTOs\SchoolMobiik.DTOs.csproj", "{1305368A-A096-4F8E-AC4A-792C7A67040C}"
EndProject
Project("{9A19103F-16F7-4668-BE54-9A1E7A4F7556}") = "SchoolMobiik.Entities", "SchoolMobiik.Entities\SchoolMobiik.Entities.csproj", "{B1344B04-6E24-4DA4-A7ED-80432978E700}"
EndProject
Project("{9A19103F-16F7-4668-BE54-9A1E7A4F7556}") = "SchoolMobiik.ApiCore", "SchoolMobiik.ApiCore\SchoolMobiik.ApiCore.csproj", "{250E0A7C-B4AC-4C6B-A790-FC3A8FA71D18}"
EndProject
Project("{FAE04EC0-301F-11D3-BF4B-00C04F79EFBC}") = "SchoolMobiik.Entity", "SchoolMobiik.Entity\SchoolMobiik.Entity.csproj", "{95ACE38F-CF0C-4788-A6FC-9D728C2D6E31}"
EndProject
Global
	GlobalSection(SolutionConfigurationPlatforms) = preSolution
		Debug|Any CPU = Debug|Any CPU
		Release|Any CPU = Release|Any CPU
	EndGlobalSection
	GlobalSection(ProjectConfigurationPlatforms) = postSolution
		{3540901D-A4E8-4346-8861-5341EB4016B9}.Debug|Any CPU.ActiveCfg = Debug|Any CPU
		{3540901D-A4E8-4346-8861-5341EB4016B9}.Debug|Any CPU.Build.0 = Debug|Any CPU
		{3540901D-A4E8-4346-8861-5341EB4016B9}.Release|Any CPU.ActiveCfg = Release|Any CPU
		{3540901D-A4E8-4346-8861-5341EB4016B9}.Release|Any CPU.Build.0 = Release|Any CPU
		{053E7003-B351-4B37-B7C7-6A660D115158}.Debug|Any CPU.ActiveCfg = Debug|Any CPU
		{053E7003-B351-4B37-B7C7-6A660D115158}.Debug|Any CPU.Build.0 = Debug|Any CPU
		{053E7003-B351-4B37-B7C7-6A660D115158}.Release|Any CPU.ActiveCfg = Release|Any CPU
		{053E7003-B351-4B37-B7C7-6A660D115158}.Release|Any CPU.Build.0 = Release|Any CPU
		{7470598F-DD4E-4037-A055-194E5B0FE33D}.Debug|Any CPU.ActiveCfg = Debug|Any CPU
		{7470598F-DD4E-4037-A055-194E5B0FE33D}.Debug|Any CPU.Build.0 = Debug|Any CPU
		{7470598F-DD4E-4037-A055-194E5B0FE33D}.Release|Any CPU.ActiveCfg = Release|Any CPU
		{7470598F-DD4E-4037-A055-194E5B0FE33D}.Release|Any CPU.Build.0 = Release|Any CPU
		{1305368A-A096-4F8E-AC4A-792C7A67040C}.Debug|Any CPU.ActiveCfg = Debug|Any CPU
		{1305368A-A096-4F8E-AC4A-792C7A67040C}.Debug|Any CPU.Build.0 = Debug|Any CPU
		{1305368A-A096-4F8E-AC4A-792C7A67040C}.Release|Any CPU.ActiveCfg = Release|Any CPU
		{1305368A-A096-4F8E-AC4A-792C7A67040C}.Release|Any CPU.Build.0 = Release|Any CPU
		{B1344B04-6E24-4DA4-A7ED-80432978E700}.Debug|Any CPU.ActiveCfg = Debug|Any CPU
		{B1344B04-6E24-4DA4-A7ED-80432978E700}.Debug|Any CPU.Build.0 = Debug|Any CPU
		{B1344B04-6E24-4DA4-A7ED-80432978E700}.Release|Any CPU.ActiveCfg = Release|Any CPU
		{B1344B04-6E24-4DA4-A7ED-80432978E700}.Release|Any CPU.Build.0 = Release|Any CPU
		{250E0A7C-B4AC-4C6B-A790-FC3A8FA71D18}.Debug|Any CPU.ActiveCfg = Debug|Any CPU
		{250E0A7C-B4AC-4C6B-A790-FC3A8FA71D18}.Debug|Any CPU.Build.0 = Debug|Any CPU
		{250E0A7C-B4AC-4C6B-A790-FC3A8FA71D18}.Release|Any CPU.ActiveCfg = Release|Any CPU
		{250E0A7C-B4AC-4C6B-A790-FC3A8FA71D18}.Release|Any CPU.Build.0 = Release|Any CPU
		{95ACE38F-CF0C-4788-A6FC-9D728C2D6E31}.Debug|Any CPU.ActiveCfg = Debug|Any CPU
		{95ACE38F-CF0C-4788-A6FC-9D728C2D6E31}.Debug|Any CPU.Build.0 = Debug|Any CPU
		{95ACE38F-CF0C-4788-A6FC-9D728C2D6E31}.Release|Any CPU.ActiveCfg = Release|Any CPU
		{95ACE38F-CF0C-4788-A6FC-9D728C2D6E31}.Release|Any CPU.Build.0 = Release|Any CPU
	EndGlobalSection
	GlobalSection(SolutionProperties) = preSolution
		HideSolutionNode = FALSE
	EndGlobalSection
	GlobalSection(NestedProjects) = preSolution
		{053E7003-B351-4B37-B7C7-6A660D115158} = {54BF42F1-A159-476B-8E07-99058AC73B12}
		{7470598F-DD4E-4037-A055-194E5B0FE33D} = {54BF42F1-A159-476B-8E07-99058AC73B12}
		{1305368A-A096-4F8E-AC4A-792C7A67040C} = {54BF42F1-A159-476B-8E07-99058AC73B12}
		{B1344B04-6E24-4DA4-A7ED-80432978E700} = {54BF42F1-A159-476B-8E07-99058AC73B12}
		{250E0A7C-B4AC-4C6B-A790-FC3A8FA71D18} = {54BF42F1-A159-476B-8E07-99058AC73B12}
		{95ACE38F-CF0C-4788-A6FC-9D728C2D6E31} = {54BF42F1-A159-476B-8E07-99058AC73B12}
	EndGlobalSection
	GlobalSection(ExtensibilityGlobals) = postSolution
		SolutionGuid = {CC09F2F9-13F7-49BC-ABB5-EC8ED03F37E9}
	EndGlobalSection
EndGlobal
